<?xml version="1.0" encoding="utf-8"?>
<Project ToolsVersion="4.0" xmlns="http://schemas.microsoft.com/developer/msbuild/2003">
  <ItemGroup>
    <Filter Include="Externals">
      <UniqueIdentifier>{2072f028-1924-4696-a6a7-4be793480c22}</UniqueIdentifier>
    </Filter>
    <Filter Include="Externals\imgui">
      <UniqueIdentifier>{f8e73db1-1900-4825-8904-3a2c1c51d53c}</UniqueIdentifier>
    </Filter>
    <Filter Include="Engine">
      <UniqueIdentifier>{410416bb-c79b-4e16-94ed-8ae276e5fd76}</UniqueIdentifier>
    </Filter>
    <Filter Include="Engine\ソース ファイル">
      <UniqueIdentifier>{4FC737F1-C7A5-4376-A066-2A32D752A2FF}</UniqueIdentifier>
      <Extensions>cpp;c;cc;cxx;c++;cppm;ixx;def;odl;idl;hpj;bat;asm;asmx</Extensions>
    </Filter>
    <Filter Include="Engine\ヘッダー ファイル">
      <UniqueIdentifier>{93995380-89BD-4b04-88EB-625FBE52EBFB}</UniqueIdentifier>
      <Extensions>h;hh;hpp;hxx;h++;hm;inl;inc;ipp;xsd</Extensions>
    </Filter>
    <Filter Include="Engine\リソース ファイル">
      <UniqueIdentifier>{67DA6AB6-F800-4c08-8B7A-83BB121AAD01}</UniqueIdentifier>
      <Extensions>rc;ico;cur;bmp;dlg;rc2;rct;bin;rgs;gif;jpg;jpeg;jpe;resx;tiff;tif;png;wav;mfcribbon-ms</Extensions>
    </Filter>
    <Filter Include="Engine\リソース ファイル\HLSL">
      <UniqueIdentifier>{f9a25521-3498-4266-b3c9-e67c94f817a3}</UniqueIdentifier>
    </Filter>
    <Filter Include="Engine\リソース ファイル\HLSL\Sprite">
      <UniqueIdentifier>{49bb948b-afed-4b17-b0cd-3ec18adff378}</UniqueIdentifier>
    </Filter>
    <Filter Include="Engine\リソース ファイル\HLSL\Model">
      <UniqueIdentifier>{11f21ad4-adfd-4df1-b2a0-b64fbfdcd0dc}</UniqueIdentifier>
    </Filter>
    <Filter Include="Engine\リソース ファイル\HLSL\Primitive">
      <UniqueIdentifier>{d94fb639-85ea-4770-88b6-b96d1234543a}</UniqueIdentifier>
    </Filter>
    <Filter Include="Application">
      <UniqueIdentifier>{ddccd698-3b21-49f0-b6aa-f5b97efa3e95}</UniqueIdentifier>
    </Filter>
    <Filter Include="Application\Scene">
      <UniqueIdentifier>{d72d0e82-e098-4a50-9cae-8a26e2cda17a}</UniqueIdentifier>
    </Filter>
    <Filter Include="Application\GameResources">
      <UniqueIdentifier>{98731039-f783-4098-92b3-7ea8324b4530}</UniqueIdentifier>
    </Filter>
    <Filter Include="Engine\リソース ファイル\HLSL\Shadow">
      <UniqueIdentifier>{6acd64d8-ed65-43c5-85fa-3473f6da641b}</UniqueIdentifier>
    </Filter>
  </ItemGroup>
  <ItemGroup>
    <ClCompile Include="Original\Loader\ModelLoader.cpp">
      <Filter>Engine\ソース ファイル</Filter>
    </ClCompile>
    <ClCompile Include="Original\Audio\Audio.cpp">
      <Filter>Engine\ソース ファイル</Filter>
    </ClCompile>
    <ClCompile Include="Original\Base\Logger.cpp">
      <Filter>Engine\ソース ファイル</Filter>
    </ClCompile>
    <ClCompile Include="Original\Base\WinApp.cpp">
      <Filter>Engine\ソース ファイル</Filter>
    </ClCompile>
    <ClCompile Include="Original\Base\DirectXCommon.cpp">
      <Filter>Engine\ソース ファイル</Filter>
    </ClCompile>
    <ClCompile Include="Original\Base\ShaderCompiler.cpp">
      <Filter>Engine\ソース ファイル</Filter>
    </ClCompile>
    <ClCompile Include="Original\Graphics\TextureManager.cpp">
      <Filter>Engine\ソース ファイル</Filter>
    </ClCompile>
    <ClCompile Include="Original\3D\ModelCommon.cpp">
      <Filter>Engine\ソース ファイル</Filter>
    </ClCompile>
    <ClCompile Include="Original\3D\Model.cpp">
      <Filter>Engine\ソース ファイル</Filter>
    </ClCompile>
    <ClCompile Include="Original\Camera\Camera.cpp">
      <Filter>Engine\ソース ファイル</Filter>
    </ClCompile>
    <ClCompile Include="Original\2D\Sprite.cpp">
      <Filter>Engine\ソース ファイル</Filter>
    </ClCompile>
    <ClCompile Include="Original\2D\SpriteCommon.cpp">
      <Filter>Engine\ソース ファイル</Filter>
    </ClCompile>
    <ClCompile Include="Original\RyoEngine.cpp">
      <Filter>Engine\ソース ファイル</Filter>
    </ClCompile>
    <ClCompile Include="Original\Input\Input.cpp">
      <Filter>Engine\ソース ファイル</Filter>
    </ClCompile>
    <ClCompile Include="Original\Camera\DebugCamera.cpp">
      <Filter>Engine\ソース ファイル</Filter>
    </ClCompile>
    <ClCompile Include="Original\ImGui\ImGuiManager.cpp">
      <Filter>Engine\ソース ファイル</Filter>
    </ClCompile>
    <ClCompile Include="Original\Externals\imgui\imgui.cpp">
      <Filter>Externals\imgui</Filter>
    </ClCompile>
    <ClCompile Include="Original\Externals\imgui\imgui_demo.cpp">
      <Filter>Externals\imgui</Filter>
    </ClCompile>
    <ClCompile Include="Original\Externals\imgui\imgui_draw.cpp">
      <Filter>Externals\imgui</Filter>
    </ClCompile>
    <ClCompile Include="Original\Externals\imgui\imgui_impl_dx12.cpp">
      <Filter>Externals\imgui</Filter>
    </ClCompile>
    <ClCompile Include="Original\Externals\imgui\imgui_impl_win32.cpp">
      <Filter>Externals\imgui</Filter>
    </ClCompile>
    <ClCompile Include="Original\Externals\imgui\imgui_tables.cpp">
      <Filter>Externals\imgui</Filter>
    </ClCompile>
    <ClCompile Include="Original\Externals\imgui\imgui_widgets.cpp">
      <Filter>Externals\imgui</Filter>
    </ClCompile>
    <ClCompile Include="Original\Mesh\Mesh.cpp">
      <Filter>Engine\ソース ファイル</Filter>
    </ClCompile>
    <ClCompile Include="Original\Base\Font.cpp">
      <Filter>Engine\ソース ファイル</Filter>
    </ClCompile>
    <ClCompile Include="Original\Externals\imgui\GraphEditor.cpp">
      <Filter>Externals\imgui</Filter>
    </ClCompile>
    <ClCompile Include="Original\Externals\imgui\ImCurveEdit.cpp">
      <Filter>Externals\imgui</Filter>
    </ClCompile>
    <ClCompile Include="Original\Externals\imgui\ImGradient.cpp">
      <Filter>Externals\imgui</Filter>
    </ClCompile>
    <ClCompile Include="Original\Externals\imgui\ImGuizmo.cpp">
      <Filter>Externals\imgui</Filter>
    </ClCompile>
    <ClCompile Include="Original\Externals\imgui\ImSequencer.cpp">
      <Filter>Externals\imgui</Filter>
    </ClCompile>
    <ClCompile Include="Original\Externals\imgui\ImVectorEditor.cpp">
      <Filter>Externals\imgui</Filter>
    </ClCompile>
    <ClCompile Include="Original\Edit\AnimEdit.cpp">
      <Filter>Engine\ソース ファイル</Filter>
    </ClCompile>
    <ClCompile Include="Original\Easing\Easing.cpp">
      <Filter>Engine\ソース ファイル</Filter>
    </ClCompile>
    <ClCompile Include="Original\Light\LightManager.cpp">
      <Filter>Engine\ソース ファイル</Filter>
    </ClCompile>
    <ClCompile Include="Original\Math\Collision.cpp">
      <Filter>Engine\ソース ファイル</Filter>
    </ClCompile>
    <ClCompile Include="Original\PrimitiveRenderer\PrimitiveRenderer.cpp">
      <Filter>Engine\ソース ファイル</Filter>
    </ClCompile>
    <ClCompile Include="main.cpp" />
    <ClCompile Include="Application\Scene\SceneManager.cpp">
      <Filter>Application\Scene</Filter>
    </ClCompile>
    <ClCompile Include="Application\Scene\Title.cpp">
      <Filter>Application\Scene</Filter>
    </ClCompile>
    <ClCompile Include="Application\Scene\Game.cpp">
      <Filter>Application\Scene</Filter>
    </ClCompile>
    <ClCompile Include="Original\Shadow\ShadowMap.cpp">
      <Filter>Engine\ソース ファイル</Filter>
    </ClCompile>
  </ItemGroup>
  <ItemGroup>
    <ClInclude Include="Original\Math\Math.h">
      <Filter>Engine\ヘッダー ファイル</Filter>
    </ClInclude>
    <ClInclude Include="Original\Math\Vector.h">
      <Filter>Engine\ヘッダー ファイル</Filter>
    </ClInclude>
    <ClInclude Include="Original\Math\Matrix.h">
      <Filter>Engine\ヘッダー ファイル</Filter>
    </ClInclude>
    <ClInclude Include="Original\Math\Geometry.h">
      <Filter>Engine\ヘッダー ファイル</Filter>
    </ClInclude>
    <ClInclude Include="Original\Math\Transform.h">
      <Filter>Engine\ヘッダー ファイル</Filter>
    </ClInclude>
    <ClInclude Include="Original\Light\Light.h">
      <Filter>Engine\ヘッダー ファイル</Filter>
    </ClInclude>
    <ClInclude Include="Original\Loader\ModelLoader.h">
      <Filter>Engine\ヘッダー ファイル</Filter>
    </ClInclude>
    <ClInclude Include="Original\Audio\Audio.h">
      <Filter>Engine\ヘッダー ファイル</Filter>
    </ClInclude>
    <ClInclude Include="Original\Base\WinApp.h">
      <Filter>Engine\ヘッダー ファイル</Filter>
    </ClInclude>
    <ClInclude Include="Original\Base\Logger.h">
      <Filter>Engine\ヘッダー ファイル</Filter>
    </ClInclude>
    <ClInclude Include="Original\Base\DirectXCommon.h">
      <Filter>Engine\ヘッダー ファイル</Filter>
    </ClInclude>
    <ClInclude Include="Original\Base\ShaderCompiler.h">
      <Filter>Engine\ヘッダー ファイル</Filter>
    </ClInclude>
    <ClInclude Include="Original\Graphics\TextureManager.h">
      <Filter>Engine\ヘッダー ファイル</Filter>
    </ClInclude>
    <ClInclude Include="Original\3D\ModelCommon.h">
      <Filter>Engine\ヘッダー ファイル</Filter>
    </ClInclude>
    <ClInclude Include="Original\3D\Model.h">
      <Filter>Engine\ヘッダー ファイル</Filter>
    </ClInclude>
    <ClInclude Include="Original\Camera\Camera.h">
      <Filter>Engine\ヘッダー ファイル</Filter>
    </ClInclude>
    <ClInclude Include="Original\2D\Sprite.h">
      <Filter>Engine\ヘッダー ファイル</Filter>
    </ClInclude>
    <ClInclude Include="Original\2D\SpriteCommon.h">
      <Filter>Engine\ヘッダー ファイル</Filter>
    </ClInclude>
    <ClInclude Include="Original\RyoEngine.h">
      <Filter>Engine\ヘッダー ファイル</Filter>
    </ClInclude>
    <ClInclude Include="Original\Input\Input.h">
      <Filter>Engine\ヘッダー ファイル</Filter>
    </ClInclude>
    <ClInclude Include="Original\Camera\DebugCamera.h">
      <Filter>Engine\ヘッダー ファイル</Filter>
    </ClInclude>
    <ClInclude Include="Original\ImGui\ImGuiManager.h">
      <Filter>Engine\ヘッダー ファイル</Filter>
    </ClInclude>
    <ClInclude Include="Original\Externals\imgui\imconfig.h">
      <Filter>Externals\imgui</Filter>
    </ClInclude>
    <ClInclude Include="Original\Externals\imgui\imgui.h">
      <Filter>Externals\imgui</Filter>
    </ClInclude>
    <ClInclude Include="Original\Externals\imgui\imgui_impl_dx12.h">
      <Filter>Externals\imgui</Filter>
    </ClInclude>
    <ClInclude Include="Original\Externals\imgui\imgui_impl_win32.h">
      <Filter>Externals\imgui</Filter>
    </ClInclude>
    <ClInclude Include="Original\Externals\imgui\imgui_internal.h">
      <Filter>Externals\imgui</Filter>
    </ClInclude>
    <ClInclude Include="Original\Externals\imgui\imstb_rectpack.h">
      <Filter>Externals\imgui</Filter>
    </ClInclude>
    <ClInclude Include="Original\Externals\imgui\imstb_textedit.h">
      <Filter>Externals\imgui</Filter>
    </ClInclude>
    <ClInclude Include="Original\Externals\imgui\imstb_truetype.h">
      <Filter>Externals\imgui</Filter>
    </ClInclude>
    <ClInclude Include="Original\Mesh\Mesh.h">
      <Filter>Engine\ヘッダー ファイル</Filter>
    </ClInclude>
    <ClInclude Include="Original\Base\Font.h">
      <Filter>Engine\ヘッダー ファイル</Filter>
    </ClInclude>
    <ClInclude Include="Original\Externals\imgui\GraphEditor.h">
      <Filter>Externals\imgui</Filter>
    </ClInclude>
    <ClInclude Include="Original\Externals\imgui\ImCurveEdit.h">
      <Filter>Externals\imgui</Filter>
    </ClInclude>
    <ClInclude Include="Original\Externals\imgui\ImGradient.h">
      <Filter>Externals\imgui</Filter>
    </ClInclude>
    <ClInclude Include="Original\Externals\imgui\ImGuizmo.h">
      <Filter>Externals\imgui</Filter>
    </ClInclude>
    <ClInclude Include="Original\Externals\imgui\ImLightRig.h">
      <Filter>Externals\imgui</Filter>
    </ClInclude>
    <ClInclude Include="Original\Externals\imgui\ImSequencer.h">
      <Filter>Externals\imgui</Filter>
    </ClInclude>
    <ClInclude Include="Original\Externals\imgui\ImVectorEditor.h">
      <Filter>Externals\imgui</Filter>
    </ClInclude>
    <ClInclude Include="Original\Externals\imgui\ImZoomSlider.h">
      <Filter>Externals\imgui</Filter>
    </ClInclude>
    <ClInclude Include="Original\ImGui\ImGuiAllInclude.h">
      <Filter>Engine\ヘッダー ファイル</Filter>
    </ClInclude>
    <ClInclude Include="Original\Edit\AnimEdit.h">
      <Filter>Engine\ヘッダー ファイル</Filter>
    </ClInclude>
    <ClInclude Include="Original\Easing\Easing.h">
      <Filter>Engine\ヘッダー ファイル</Filter>
    </ClInclude>
    <ClInclude Include="Original\Light\LightManager.h">
      <Filter>Engine\ヘッダー ファイル</Filter>
    </ClInclude>
    <ClInclude Include="Original\Math\Collision.h">
      <Filter>Engine\ヘッダー ファイル</Filter>
    </ClInclude>
    <ClInclude Include="Original\PrimitiveRenderer\PrimitiveRenderer.h">
      <Filter>Engine\ヘッダー ファイル</Filter>
    </ClInclude>
    <ClInclude Include="Application\Scene\Title.h">
      <Filter>Application\Scene</Filter>
    </ClInclude>
    <ClInclude Include="Application\Scene\Game.h">
      <Filter>Application\Scene</Filter>
    </ClInclude>
    <ClInclude Include="Application\Scene\SceneManager.h">
      <Filter>Application\Scene</Filter>
    </ClInclude>
    <ClInclude Include="Application\GameResources\GameSound.h">
      <Filter>Application\GameResources</Filter>
    </ClInclude>
    <ClInclude Include="Application\GameResources\GameTex.h">
      <Filter>Application\GameResources</Filter>
    </ClInclude>
    <ClInclude Include="Original\Shadow\ShadowMap.h">
      <Filter>Engine\ヘッダー ファイル</Filter>
    </ClInclude>
  </ItemGroup>
  <ItemGroup>
    <None Include="HLSL\Sprite\Sprite.hlsli">
      <Filter>Engine\リソース ファイル\HLSL\Sprite</Filter>
    </None>
    <None Include="HLSL\Model\Model.hlsli">
      <Filter>Engine\リソース ファイル\HLSL\Model</Filter>
    </None>
    <None Include="HLSL\Model\Model_NoUV.hlsli">
      <Filter>Engine\リソース ファイル\HLSL\Model</Filter>
    </None>
    <None Include="HLSL\Primitive\Primitive.hlsli">
      <Filter>Engine\リソース ファイル\HLSL\Primitive</Filter>
    </None>
  </ItemGroup>
  <ItemGroup>
    <FxCompile Include="HLSL\Sprite\Sprite.PS.hlsl">
      <Filter>Engine\リソース ファイル\HLSL\Sprite</Filter>
    </FxCompile>
    <FxCompile Include="HLSL\Sprite\Sprite.VS.hlsl">
      <Filter>Engine\リソース ファイル\HLSL\Sprite</Filter>
    </FxCompile>
    <FxCompile Include="HLSL\Model\Model.PS.hlsl">
      <Filter>Engine\リソース ファイル\HLSL\Model</Filter>
    </FxCompile>
    <FxCompile Include="HLSL\Model\Model.VS.hlsl">
      <Filter>Engine\リソース ファイル\HLSL\Model</Filter>
    </FxCompile>
    <FxCompile Include="HLSL\Model\Model_NoUV.PS.hlsl">
      <Filter>Engine\リソース ファイル\HLSL\Model</Filter>
    </FxCompile>
    <FxCompile Include="HLSL\Model\Model_NoUV.VS.hlsl">
      <Filter>Engine\リソース ファイル\HLSL\Model</Filter>
    </FxCompile>
    <FxCompile Include="HLSL\Primitive\Primitive_PS.hlsl">
      <Filter>Engine\リソース ファイル\HLSL\Primitive</Filter>
    </FxCompile>
    <FxCompile Include="HLSL\Primitive\Primitive_VS.hlsl">
      <Filter>Engine\リソース ファイル\HLSL\Primitive</Filter>
    </FxCompile>
    <FxCompile Include="HLSL\Shadow\ShadowMap.VS.hlsl">
      <Filter>Engine\リソース ファイル\HLSL\Shadow</Filter>
    </FxCompile>
  </ItemGroup>
</Project>